
Microsoft Visual Studio Solution File, Format Version 12.00
# Visual Studio Version 16
VisualStudioVersion = 16.0.31702.278
MinimumVisualStudioVersion = 10.0.40219.1
Project("{FAE04EC0-301F-11D3-BF4B-00C04F79EFBC}") = "Homework Methods", "Homework Methods\Homework Methods.csproj", "{0681A188-B789-49EA-9404-90D73C851023}"
EndProject
Global
	GlobalSection(SolutionConfigurationPlatforms) = preSolution
		Debug|Any CPU = Debug|Any CPU
		Release|Any CPU = Release|Any CPU
	EndGlobalSection
	GlobalSection(ProjectConfigurationPlatforms) = postSolution
		{0681A188-B789-49EA-9404-90D73C851023}.Debug|Any CPU.ActiveCfg = Debug|Any CPU
		{0681A188-B789-49EA-9404-90D73C851023}.Debug|Any CPU.Build.0 = Debug|Any CPU
		{0681A188-B789-49EA-9404-90D73C851023}.Release|Any CPU.ActiveCfg = Release|Any CPU
		{0681A188-B789-49EA-9404-90D73C851023}.Release|Any CPU.Build.0 = Release|Any CPU
	EndGlobalSection
	GlobalSection(SolutionProperties) = preSolution
		HideSolutionNode = FALSE
	EndGlobalSection
	GlobalSection(ExtensibilityGlobals) = postSolution
		SolutionGuid = {02879F42-A14F-4E30-B1CA-04BC91E633F8}
	EndGlobalSection
EndGlobal
